// !$*UTF8*$!
{
	archiveVersion = 1;
	classes = {
	};
	objectVersion = 46;
	objects = {

/* Begin PBXBuildFile section */
		C00002281D260430002ED4EB /* main.m in Sources */ = {isa = PBXBuildFile; fileRef = C00002271D260430002ED4EB /* main.m */; };
		C000022B1D260430002ED4EB /* AppDelegate.m in Sources */ = {isa = PBXBuildFile; fileRef = C000022A1D260430002ED4EB /* AppDelegate.m */; };
		C000022E1D260430002ED4EB /* ViewController.m in Sources */ = {isa = PBXBuildFile; fileRef = C000022D1D260430002ED4EB /* ViewController.m */; };
		C00002311D260430002ED4EB /* Main.storyboard in Resources */ = {isa = PBXBuildFile; fileRef = C000022F1D260430002ED4EB /* Main.storyboard */; };
		C00002331D260430002ED4EB /* Assets.xcassets in Resources */ = {isa = PBXBuildFile; fileRef = C00002321D260430002ED4EB /* Assets.xcassets */; };
		C00002361D260430002ED4EB /* LaunchScreen.storyboard in Resources */ = {isa = PBXBuildFile; fileRef = C00002341D260430002ED4EB /* LaunchScreen.storyboard */; };
		C00002411D260431002ED4EB /* chectVersionUpdateUITests.m in Sources */ = {isa = PBXBuildFile; fileRef = C00002401D260431002ED4EB /* chectVersionUpdateUITests.m */; };
		C000024D1D2604FC002ED4EB /* NetWorkingTool.m in Sources */ = {isa = PBXBuildFile; fileRef = C000024C1D2604FC002ED4EB /* NetWorkingTool.m */; };
/* End PBXBuildFile section */

/* Begin PBXContainerItemProxy section */
		C000023D1D260431002ED4EB /* PBXContainerItemProxy */ = {
			isa = PBXContainerItemProxy;
			containerPortal = C000021B1D260430002ED4EB /* Project object */;
			proxyType = 1;
			remoteGlobalIDString = C00002221D260430002ED4EB;
			remoteInfo = chectVersionUpdate;
		};
/* End PBXContainerItemProxy section */

/* Begin PBXFileReference section */
		C00002231D260430002ED4EB /* chectVersionUpdate.app */ = {isa = PBXFileReference; explicitFileType = wrapper.application; includeInIndex = 0; path = chectVersionUpdate.app; sourceTree = BUILT_PRODUCTS_DIR; };
		C00002271D260430002ED4EB /* main.m */ = {isa = PBXFileReference; lastKnownFileType = sourcecode.c.objc; path = main.m; sourceTree = "<group>"; };
		C00002291D260430002ED4EB /* AppDelegate.h */ = {isa = PBXFileReference; lastKnownFileType = sourcecode.c.h; path = AppDelegate.h; sourceTree = "<group>"; };
		C000022A1D260430002ED4EB /* AppDelegate.m */ = {isa = PBXFileReference; lastKnownFileType = sourcecode.c.objc; path = AppDelegate.m; sourceTree = "<group>"; };
		C000022C1D260430002ED4EB /* ViewController.h */ = {isa = PBXFileReference; lastKnownFileType = sourcecode.c.h; path = ViewController.h; sourceTree = "<group>"; };
		C000022D1D260430002ED4EB /* ViewController.m */ = {isa = PBXFileReference; lastKnownFileType = sourcecode.c.objc; path = ViewController.m; sourceTree = "<group>"; };
		C00002301D260430002ED4EB /* Base */ = {isa = PBXFileReference; lastKnownFileType = file.storyboard; name = Base; path = Base.lproj/Main.storyboard; sourceTree = "<group>"; };
		C00002321D260430002ED4EB /* Assets.xcassets */ = {isa = PBXFileReference; lastKnownFileType = folder.assetcatalog; path = Assets.xcassets; sourceTree = "<group>"; };
		C00002351D260430002ED4EB /* Base */ = {isa = PBXFileReference; lastKnownFileType = file.storyboard; name = Base; path = Base.lproj/LaunchScreen.storyboard; sourceTree = "<group>"; };
		C00002371D260430002ED4EB /* Info.plist */ = {isa = PBXFileReference; lastKnownFileType = text.plist.xml; path = Info.plist; sourceTree = "<group>"; };
		C000023C1D260431002ED4EB /* chectVersionUpdateUITests.xctest */ = {isa = PBXFileReference; explicitFileType = wrapper.cfbundle; includeInIndex = 0; path = chectVersionUpdateUITests.xctest; sourceTree = BUILT_PRODUCTS_DIR; };
		C00002401D260431002ED4EB /* chectVersionUpdateUITests.m */ = {isa = PBXFileReference; lastKnownFileType = sourcecode.c.objc; path = chectVersionUpdateUITests.m; sourceTree = "<group>"; };
		C00002421D260431002ED4EB /* Info.plist */ = {isa = PBXFileReference; lastKnownFileType = text.plist.xml; path = Info.plist; sourceTree = "<group>"; };
		C000024B1D2604FC002ED4EB /* NetWorkingTool.h */ = {isa = PBXFileReference; fileEncoding = 4; lastKnownFileType = sourcecode.c.h; path = NetWorkingTool.h; sourceTree = "<group>"; };
		C000024C1D2604FC002ED4EB /* NetWorkingTool.m */ = {isa = PBXFileReference; fileEncoding = 4; lastKnownFileType = sourcecode.c.objc; path = NetWorkingTool.m; sourceTree = "<group>"; };
/* End PBXFileReference section */

/* Begin PBXFrameworksBuildPhase section */
		C00002201D260430002ED4EB /* Frameworks */ = {
			isa = PBXFrameworksBuildPhase;
			buildActionMask = 2147483647;
			files = (
			);
			runOnlyForDeploymentPostprocessing = 0;
		};
		C00002391D260431002ED4EB /* Frameworks */ = {
			isa = PBXFrameworksBuildPhase;
			buildActionMask = 2147483647;
			files = (
			);
			runOnlyForDeploymentPostprocessing = 0;
		};
/* End PBXFrameworksBuildPhase section */

/* Begin PBXGroup section */
		C000021A1D260430002ED4EB = {
			isa = PBXGroup;
			children = (
				C00002251D260430002ED4EB /* chectVersionUpdate */,
				C000023F1D260431002ED4EB /* chectVersionUpdateUITests */,
				C00002241D260430002ED4EB /* Products */,
			);
			sourceTree = "<group>";
		};
		C00002241D260430002ED4EB /* Products */ = {
			isa = PBXGroup;
			children = (
				C00002231D260430002ED4EB /* chectVersionUpdate.app */,
				C000023C1D260431002ED4EB /* chectVersionUpdateUITests.xctest */,
			);
			name = Products;
			sourceTree = "<group>";
		};
		C00002251D260430002ED4EB /* chectVersionUpdate */ = {
			isa = PBXGroup;
			children = (
				C00002291D260430002ED4EB /* AppDelegate.h */,
				C000022A1D260430002ED4EB /* AppDelegate.m */,
				C000022C1D260430002ED4EB /* ViewController.h */,
				C000022D1D260430002ED4EB /* ViewController.m */,
				C000024B1D2604FC002ED4EB /* NetWorkingTool.h */,
				C000024C1D2604FC002ED4EB /* NetWorkingTool.m */,
				C000022F1D260430002ED4EB /* Main.storyboard */,
				C00002321D260430002ED4EB /* Assets.xcassets */,
				C00002341D260430002ED4EB /* LaunchScreen.storyboard */,
				C00002371D260430002ED4EB /* Info.plist */,
				C00002261D260430002ED4EB /* Supporting Files */,
			);
			path = chectVersionUpdate;
			sourceTree = "<group>";
		};
		C00002261D260430002ED4EB /* Supporting Files */ = {
			isa = PBXGroup;
			children = (
				C00002271D260430002ED4EB /* main.m */,
			);
			name = "Supporting Files";
			sourceTree = "<group>";
		};
		C000023F1D260431002ED4EB /* chectVersionUpdateUITests */ = {
			isa = PBXGroup;
			children = (
				C00002401D260431002ED4EB /* chectVersionUpdateUITests.m */,
				C00002421D260431002ED4EB /* Info.plist */,
			);
			path = chectVersionUpdateUITests;
			sourceTree = "<group>";
		};
/* End PBXGroup section */

/* Begin PBXNativeTarget section */
		C00002221D260430002ED4EB /* chectVersionUpdate */ = {
			isa = PBXNativeTarget;
			buildConfigurationList = C00002451D260431002ED4EB /* Build configuration list for PBXNativeTarget "chectVersionUpdate" */;
			buildPhases = (
				C000021F1D260430002ED4EB /* Sources */,
				C00002201D260430002ED4EB /* Frameworks */,
				C00002211D260430002ED4EB /* Resources */,
			);
			buildRules = (
			);
			dependencies = (
			);
			name = chectVersionUpdate;
			productName = chectVersionUpdate;
			productReference = C00002231D260430002ED4EB /* chectVersionUpdate.app */;
			productType = "com.apple.product-type.application";
		};
		C000023B1D260431002ED4EB /* chectVersionUpdateUITests */ = {
			isa = PBXNativeTarget;
			buildConfigurationList = C00002481D260431002ED4EB /* Build configuration list for PBXNativeTarget "chectVersionUpdateUITests" */;
			buildPhases = (
				C00002381D260431002ED4EB /* Sources */,
				C00002391D260431002ED4EB /* Frameworks */,
				C000023A1D260431002ED4EB /* Resources */,
			);
			buildRules = (
			);
			dependencies = (
				C000023E1D260431002ED4EB /* PBXTargetDependency */,
			);
			name = chectVersionUpdateUITests;
			productName = chectVersionUpdateUITests;
			productReference = C000023C1D260431002ED4EB /* chectVersionUpdateUITests.xctest */;
			productType = "com.apple.product-type.bundle.ui-testing";
		};
/* End PBXNativeTarget section */

/* Begin PBXProject section */
		C000021B1D260430002ED4EB /* Project object */ = {
			isa = PBXProject;
			attributes = {
				LastUpgradeCheck = 0730;
				ORGANIZATIONNAME = ligen;
				TargetAttributes = {
					C00002221D260430002ED4EB = {
						CreatedOnToolsVersion = 7.3.1;
					};
					C000023B1D260431002ED4EB = {
						CreatedOnToolsVersion = 7.3.1;
						TestTargetID = C00002221D260430002ED4EB;
					};
				};
			};
			buildConfigurationList = C000021E1D260430002ED4EB /* Build configuration list for PBXProject "chectVersionUpdate" */;
			compatibilityVersion = "Xcode 3.2";
			developmentRegion = English;
			hasScannedForEncodings = 0;
			knownRegions = (
				en,
				Base,
			);
			mainGroup = C000021A1D260430002ED4EB;
			productRefGroup = C00002241D260430002ED4EB /* Products */;
			projectDirPath = "";
			projectRoot = "";
			targets = (
				C00002221D260430002ED4EB /* chectVersionUpdate */,
				C000023B1D260431002ED4EB /* chectVersionUpdateUITests */,
			);
		};
/* End PBXProject section */

/* Begin PBXResourcesBuildPhase section */
		C00002211D260430002ED4EB /* Resources */ = {
			isa = PBXResourcesBuildPhase;
			buildActionMask = 2147483647;
			files = (
				C00002361D260430002ED4EB /* LaunchScreen.storyboard in Resources */,
				C00002331D260430002ED4EB /* Assets.xcassets in Resources */,
				C00002311D260430002ED4EB /* Main.storyboard in Resources */,
			);
			runOnlyForDeploymentPostprocessing = 0;
		};
		C000023A1D260431002ED4EB /* Resources */ = {
			isa = PBXResourcesBuildPhase;
			buildActionMask = 2147483647;
			files = (
			);
			runOnlyForDeploymentPostprocessing = 0;
		};
/* End PBXResourcesBuildPhase section */

/* Begin PBXSourcesBuildPhase section */
		C000021F1D260430002ED4EB /* Sources */ = {
			isa = PBXSourcesBuildPhase;
			buildActionMask = 2147483647;
			files = (
				C000022E1D260430002ED4EB /* ViewController.m in Sources */,
				C000024D1D2604FC002ED4EB /* NetWorkingTool.m in Sources */,
				C000022B1D260430002ED4EB /* AppDelegate.m in Sources */,
				C00002281D260430002ED4EB /* main.m in Sources */,
			);
			runOnlyForDeploymentPostprocessing = 0;
		};
		C00002381D260431002ED4EB /* Sources */ = {
			isa = PBXSourcesBuildPhase;
			buildActionMask = 2147483647;
			files = (
				C00002411D260431002ED4EB /* chectVersionUpdateUITests.m in Sources */,
			);
			runOnlyForDeploymentPostprocessing = 0;
		};
/* End PBXSourcesBuildPhase section */

/* Begin PBXTargetDependency section */
		C000023E1D260431002ED4EB /* PBXTargetDependency */ = {
			isa = PBXTargetDependency;
			target = C00002221D260430002ED4EB /* chectVersionUpdate */;
			targetProxy = C000023D1D260431002ED4EB /* PBXContainerItemProxy */;
		};
/* End PBXTargetDependency section */

/* Begin PBXVariantGroup section */
		C000022F1D260430002ED4EB /* Main.storyboard */ = {
			isa = PBXVariantGroup;
			children = (
				C00002301D260430002ED4EB /* Base */,
			);
			name = Main.storyboard;
			sourceTree = "<group>";
		};
		C00002341D260430002ED4EB /* LaunchScreen.storyboard */ = {
			isa = PBXVariantGroup;
			children = (
				C00002351D260430002ED4EB /* Base */,
			);
			name = LaunchScreen.storyboard;
			sourceTree = "<group>";
		};
/* End PBXVariantGroup section */

/* Begin XCBuildConfiguration section */
		C00002431D260431002ED4EB /* Debug */ = {
			isa = XCBuildConfiguration;
			buildSettings = {
				ALWAYS_SEARCH_USER_PATHS = NO;
				CLANG_ANALYZER_NONNULL = YES;
				CLANG_CXX_LANGUAGE_STANDARD = "gnu++0x";
				CLANG_CXX_LIBRARY = "libc++";
				CLANG_ENABLE_MODULES = YES;
				CLANG_ENABLE_OBJC_ARC = YES;
				CLANG_WARN_BOOL_CONVERSION = YES;
				CLANG_WARN_CONSTANT_CONVERSION = YES;
				CLANG_WARN_DIRECT_OBJC_ISA_USAGE = YES_ERROR;
				CLANG_WARN_EMPTY_BODY = YES;
				CLANG_WARN_ENUM_CONVERSION = YES;
				CLANG_WARN_INT_CONVERSION = YES;
				CLANG_WARN_OBJC_ROOT_CLASS = YES_ERROR;
				CLANG_WARN_UNREACHABLE_CODE = YES;
				CLANG_WARN__DUPLICATE_METHOD_MATCH = YES;
				"CODE_SIGN_IDENTITY[sdk=iphoneos*]" = "iPhone Developer";
				COPY_PHASE_STRIP = NO;
				DEBUG_INFORMATION_FORMAT = dwarf;
				ENABLE_STRICT_OBJC_MSGSEND = YES;
				ENABLE_TESTABILITY = YES;
				GCC_C_LANGUAGE_STANDARD = gnu99;
				GCC_DYNAMIC_NO_PIC = NO;
				GCC_NO_COMMON_BLOCKS = YES;
				GCC_OPTIMIZATION_LEVEL = 0;
				GCC_PREPROCESSOR_DEFINITIONS = (
					"DEBUG=1",
					"$(inherited)",
				);
				GCC_WARN_64_TO_32_BIT_CONVERSION = YES;
				GCC_WARN_ABOUT_RETURN_TYPE = YES_ERROR;
				GCC_WARN_UNDECLARED_SELECTOR = YES;
				GCC_WARN_UNINITIALIZED_AUTOS = YES_AGGRESSIVE;
				GCC_WARN_UNUSED_FUNCTION = YES;
				GCC_WARN_UNUSED_VARIABLE = YES;
				IPHONEOS_DEPLOYMENT_TARGET = 9.3;
				MTL_ENABLE_DEBUG_INFO = YES;
				ONLY_ACTIVE_ARCH = YES;
				SDKROOT = iphoneos;
				TARGETED_DEVICE_FAMILY = "1,2";
			};
			name = Debug;
		};
		C00002441D260431002ED4EB /* Release */ = {
			isa = XCBuildConfiguration;
			buildSettings = {
				ALWAYS_SEARCH_USER_PATHS = NO;
				CLANG_ANALYZER_NONNULL = YES;
				CLANG_CXX_LANGUAGE_STANDARD = "gnu++0x";
				CLANG_CXX_LIBRARY = "libc++";
				CLANG_ENABLE_MODULES = YES;
				CLANG_ENABLE_OBJC_ARC = YES;
				CLANG_WARN_BOOL_CONVERSION = YES;
				CLANG_WARN_CONSTANT_CONVERSION = YES;
				CLANG_WARN_DIRECT_OBJC_ISA_USAGE = YES_ERROR;
				CLANG_WARN_EMPTY_BODY = YES;
				CLANG_WARN_ENUM_CONVERSION = YES;
				CLANG_WARN_INT_CONVERSION = YES;
				CLANG_WARN_OBJC_ROOT_CLASS = YES_ERROR;
				CLANG_WARN_UNREACHABLE_CODE = YES;
				CLANG_WARN__DUPLICATE_METHOD_MATCH = YES;
				"CODE_SIGN_IDENTITY[sdk=iphoneos*]" = "iPhone Developer";
				COPY_PHASE_STRIP = NO;
				DEBUG_INFORMATION_FORMAT = "dwarf-with-dsym";
				ENABLE_NS_ASSERTIONS = NO;
				ENABLE_STRICT_OBJC_MSGSEND = YES;
				GCC_C_LANGUAGE_STANDARD = gnu99;
				GCC_NO_COMMON_BLOCKS = YES;
				GCC_WARN_64_TO_32_BIT_CONVERSION = YES;
				GCC_WARN_ABOUT_RETURN_TYPE = YES_ERROR;
				GCC_WARN_UNDECLARED_SELECTOR = YES;
				GCC_WARN_UNINITIALIZED_AUTOS = YES_AGGRESSIVE;
				GCC_WARN_UNUSED_FUNCTION = YES;
				GCC_WARN_UNUSED_VARIABLE = YES;
				IPHONEOS_DEPLOYMENT_TARGET = 9.3;
				MTL_ENABLE_DEBUG_INFO = NO;
				SDKROOT = iphoneos;
				TARGETED_DEVICE_FAMILY = "1,2";
				VALIDATE_PRODUCT = YES;
			};
			name = Release;
		};
		C00002461D260431002ED4EB /* Debug */ = {
			isa = XCBuildConfiguration;
			buildSettings = {
				ASSETCATALOG_COMPILER_APPICON_NAME = AppIcon;
				INFOPLIST_FILE = chectVersionUpdate/Info.plist;
				LD_RUNPATH_SEARCH_PATHS = "$(inherited) @executable_path/Frameworks";
				PRODUCT_BUNDLE_IDENTIFIER = qingshanliuyun.chectVersionUpdate;
				PRODUCT_NAME = "$(TARGET_NAME)";
			};
			name = Debug;
		};
		C00002471D260431002ED4EB /* Release */ = {
			isa = XCBuildConfiguration;
			buildSettings = {
				ASSETCATALOG_COMPILER_APPICON_NAME = AppIcon;
				INFOPLIST_FILE = chectVersionUpdate/Info.plist;
				LD_RUNPATH_SEARCH_PATHS = "$(inherited) @executable_path/Frameworks";
				PRODUCT_BUNDLE_IDENTIFIER = qingshanliuyun.chectVersionUpdate;
				PRODUCT_NAME = "$(TARGET_NAME)";
			};
			name = Release;
		};
		C00002491D260431002ED4EB /* Debug */ = {
			isa = XCBuildConfiguration;
			buildSettings = {
				INFOPLIST_FILE = chectVersionUpdateUITests/Info.plist;
				LD_RUNPATH_SEARCH_PATHS = "$(inherited) @executable_path/Frameworks @loader_path/Frameworks";
				PRODUCT_BUNDLE_IDENTIFIER = qingshanliuyun.chectVersionUpdateUITests;
				PRODUCT_NAME = "$(TARGET_NAME)";
				TEST_TARGET_NAME = chectVersionUpdate;
			};
			name = Debug;
		};
		C000024A1D260431002ED4EB /* Release */ = {
			isa = XCBuildConfiguration;
			buildSettings = {
				INFOPLIST_FILE = chectVersionUpdateUITests/Info.plist;
				LD_RUNPATH_SEARCH_PATHS = "$(inherited) @executable_path/Frameworks @loader_path/Frameworks";
				PRODUCT_BUNDLE_IDENTIFIER = qingshanliuyun.chectVersionUpdateUITests;
				PRODUCT_NAME = "$(TARGET_NAME)";
				TEST_TARGET_NAME = chectVersionUpdate;
			};
			name = Release;
		};
/* End XCBuildConfiguration section */

/* Begin XCConfigurationList section */
		C000021E1D260430002ED4EB /* Build configuration list for PBXProject "chectVersionUpdate" */ = {
			isa = XCConfigurationList;
			buildConfigurations = (
				C00002431D260431002ED4EB /* Debug */,
				C00002441D260431002ED4EB /* Release */,
			);
			defaultConfigurationIsVisible = 0;
			defaultConfigurationName = Release;
		};
		C00002451D260431002ED4EB /* Build configuration list for PBXNativeTarget "chectVersionUpdate" */ = {
			isa = XCConfigurationList;
			buildConfigurations = (
				C00002461D260431002ED4EB /* Debug */,
				C00002471D260431002ED4EB /* Release */,
			);
			defaultConfigurationIsVisible = 0;
		};
		C00002481D260431002ED4EB /* Build configuration list for PBXNativeTarget "chectVersionUpdateUITests" */ = {
			isa = XCConfigurationList;
			buildConfigurations = (
				C00002491D260431002ED4EB /* Debug */,
				C000024A1D260431002ED4EB /* Release */,
			);
			defaultConfigurationIsVisible = 0;
		};
/* End XCConfigurationList section */
	};
	rootObject = C000021B1D260430002ED4EB /* Project object */;
}
